<?xml version="1.0" encoding="utf-8"?>
<Project ToolsVersion="4.0" xmlns="http://schemas.microsoft.com/developer/msbuild/2003">
  <ItemGroup>
    <Filter Include="Archivos de origen">
      <UniqueIdentifier>{4FC737F1-C7A5-4376-A066-2A32D752A2FF}</UniqueIdentifier>
      <Extensions>cpp;c;cc;cxx;c++;cppm;ixx;def;odl;idl;hpj;bat;asm;asmx</Extensions>
    </Filter>
    <Filter Include="Archivos de encabezado">
      <UniqueIdentifier>{93995380-89BD-4b04-88EB-625FBE52EBFB}</UniqueIdentifier>
      <Extensions>h;hh;hpp;hxx;h++;hm;inl;inc;ipp;xsd</Extensions>
    </Filter>
    <Filter Include="Archivos de recursos">
      <UniqueIdentifier>{67DA6AB6-F800-4c08-8B7A-83BB121AAD01}</UniqueIdentifier>
      <Extensions>rc;ico;cur;bmp;dlg;rc2;rct;bin;rgs;gif;jpg;jpeg;jpe;resx;tiff;tif;png;wav;mfcribbon-ms</Extensions>
    </Filter>
    <Filter Include="Archivos de encabezado\FactoryMethod">
      <UniqueIdentifier>{667c6202-c46f-4844-8f82-dfe2b177c757}</UniqueIdentifier>
    </Filter>
    <Filter Include="Archivos de encabezado\ObserverPattern">
      <UniqueIdentifier>{b7552d31-1615-41e8-85e1-54ac24c9ef93}</UniqueIdentifier>
    </Filter>
    <Filter Include="Archivos de encabezado\UserInterface">
      <UniqueIdentifier>{8d1a8c29-192f-4d7e-a220-3ab1893d1465}</UniqueIdentifier>
    </Filter>
    <Filter Include="Archivos de encabezado\Register">
      <UniqueIdentifier>{fbd334fe-1817-41a8-a5e3-365e976e6c7e}</UniqueIdentifier>
    </Filter>
    <Filter Include="Archivos de encabezado\IO">
      <UniqueIdentifier>{af5bc53f-213a-4c25-aab1-a1b1cba1b95e}</UniqueIdentifier>
    </Filter>
    <Filter Include="Archivos de encabezado\Strategy">
      <UniqueIdentifier>{ff7e9508-1d08-4a9b-b87e-467accc80704}</UniqueIdentifier>
    </Filter>
  </ItemGroup>
  <ItemGroup>
    <ClInclude Include="include\Prerequisites.h">
      <Filter>Archivos de encabezado</Filter>
    </ClInclude>
    <ClInclude Include="include\Producto.h">
      <Filter>Archivos de encabezado</Filter>
    </ClInclude>
    <ClInclude Include="include\GestorInventario.h">
      <Filter>Archivos de encabezado</Filter>
    </ClInclude>
    <ClInclude Include="include\ProductoDeFarmacia.h">
      <Filter>Archivos de encabezado</Filter>
    </ClInclude>
    <ClInclude Include="include\FactoryMethod\ProductoFactory.h">
      <Filter>Archivos de encabezado\FactoryMethod</Filter>
    </ClInclude>
    <ClInclude Include="include\ObserverPattern\Observador.h">
      <Filter>Archivos de encabezado\ObserverPattern</Filter>
    </ClInclude>
    <ClInclude Include="include\ObserverPattern\Sujeto.h">
      <Filter>Archivos de encabezado\ObserverPattern</Filter>
    </ClInclude>
    <ClInclude Include="include\ObserverPattern\AlertaStockBajo.h">
      <Filter>Archivos de encabezado\ObserverPattern</Filter>
    </ClInclude>
    <ClInclude Include="include\UserInterface\UserInterface.h">
      <Filter>Archivos de encabezado\UserInterface</Filter>
    </ClInclude>
    <ClInclude Include="include\Register\Registro.h">
      <Filter>Archivos de encabezado\Register</Filter>
    </ClInclude>
    <ClInclude Include="include\Register\GestorRegistro.h">
      <Filter>Archivos de encabezado\Register</Filter>
    </ClInclude>
    <ClInclude Include="include\IO\GeneradorTicket.h">
      <Filter>Archivos de encabezado\IO</Filter>
    </ClInclude>
    <ClInclude Include="include\Strategy\EstrategiaPago.h">
      <Filter>Archivos de encabezado\Strategy</Filter>
    </ClInclude>
    <ClInclude Include="include\Strategy\PagoCredito.h">
      <Filter>Archivos de encabezado\Strategy</Filter>
    </ClInclude>
    <ClInclude Include="include\Strategy\PagoDebito.h">
      <Filter>Archivos de encabezado\Strategy</Filter>
    </ClInclude>
    <ClInclude Include="include\Strategy\PagoEfectivo.h">
      <Filter>Archivos de encabezado\Strategy</Filter>
    </ClInclude>
  </ItemGroup>
  <ItemGroup>
    <ClCompile Include="source\main.cpp">
      <Filter>Archivos de origen</Filter>
    </ClCompile>
    <ClCompile Include="source\Producto.cpp">
      <Filter>Archivos de origen</Filter>
    </ClCompile>
    <ClCompile Include="source\GestorInventario.cpp">
      <Filter>Archivos de origen</Filter>
    </ClCompile>
    <ClCompile Include="source\AlertaStockBajo.cpp">
      <Filter>Archivos de origen</Filter>
    </ClCompile>
    <ClCompile Include="source\UserInterface.cpp">
      <Filter>Archivos de origen</Filter>
    </ClCompile>
    <ClCompile Include="source\GestorRegistro.cpp">
      <Filter>Archivos de origen</Filter>
    </ClCompile>
    <ClCompile Include="source\GeneradorTicket.cpp">
      <Filter>Archivos de origen</Filter>
    </ClCompile>
  </ItemGroup>
</Project>